{
  "name": "pi-413-control",
  "version": "1.0.0",
  "lockfileVersion": 1,
  "requires": true,
  "dependencies": {
    "node-pid-controller": {
      "version": "1.0.1",
      "resolved": "https://registry.npmjs.org/node-pid-controller/-/node-pid-controller-1.0.1.tgz",
      "integrity": "sha512-36gdeRz2emhIsznLpXksJSqmR13NU3vR+rkRlfHWCGGlZu9fK+dcTPRpud0FiH6b2Nhwm0kbcVk7vXFlg8Sw1w=="
    },
    "underscore": {
      "version": "1.10.2",
      "resolved": "https://registry.npmjs.org/underscore/-/underscore-1.10.2.tgz",
      "integrity": "sha512-N4P+Q/BuyuEKFJ43B9gYuOj4TQUHXX+j2FqguVOpjkssLUUrnJofCcBccJSCoeturDoZU6GorDTHSvUDlSQbTg=="
    },
    "ws": {
      "version": "7.3.0",
      "resolved": "https://registry.npmjs.org/ws/-/ws-7.3.0.tgz",
      "integrity": "sha512-iFtXzngZVXPGgpTlP1rBqsUK82p9tKqsWRPg5L56egiljujJT3vGAYnHANvFxBieXrTFavhzhxW52jnaWV+w2w=="
    }
  }
}
